
Microsoft Visual Studio Solution File, Format Version 12.00
# Visual Studio Version 18
VisualStudioVersion = 18.3.11429.125 d18.3
MinimumVisualStudioVersion = 10.0.40219.1
Project("{FAE04EC0-301F-11D3-BF4B-00C04F79EFBC}") = "Knv.Instr", "Knv.Instr\Knv.Instr.csproj", "{DBA5FA64-F769-4CBE-B77E-C3A7E5AD8FCB}"
EndProject
Project("{FAE04EC0-301F-11D3-BF4B-00C04F79EFBC}") = "Knv.Instr.DAQ.PCI6353", "Knv.Instr.DAQ.PCI6353\Knv.Instr.DAQ.PCI6353.csproj", "{4BADC809-BFD0-41E8-8EC5-21BCD08890CF}"
EndProject
Project("{FAE04EC0-301F-11D3-BF4B-00C04F79EFBC}") = "Knv.Instr.PSU.HP6634", "Knv.Instr.PSU.HP6634\Knv.Instr.PSU.HP6634.csproj", "{C79CD010-E263-4AC6-ADF8-A60BBA92DDE2}"
EndProject
Project("{FAE04EC0-301F-11D3-BF4B-00C04F79EFBC}") = "Knv.Instr.PSU.RMX4104", "Knv.Instr.PSU.RMX4104\Knv.Instr.PSU.RMX4104.csproj", "{501F658A-BAF9-4849-8787-A638D8AFC335}"
EndProject
Project("{FAE04EC0-301F-11D3-BF4B-00C04F79EFBC}") = "Knv.Instr.DMM.KEI2100", "Knv.Instr.DMM.KEI2100\Knv.Instr.DMM.KEI2100.csproj", "{56CDC6FC-E4C4-4E0F-BEFC-8893F4E623A0}"
EndProject
Project("{FAE04EC0-301F-11D3-BF4B-00C04F79EFBC}") = "Knv.Instr.DMM.PXI4082", "Knv.Instr.DMM.PXI4082\Knv.Instr.DMM.PXI4082.csproj", "{385D9FDF-4112-4568-9ED3-2E898EB1257F}"
EndProject
Project("{FAE04EC0-301F-11D3-BF4B-00C04F79EFBC}") = "Knv.Instr.DMM.KEI6500", "Knv.Instr.DMM.KEI6500\Knv.Instr.DMM.KEI6500.csproj", "{3324050A-EA3B-49C3-B028-CBDCE2FE6AC0}"
EndProject
Project("{FAE04EC0-301F-11D3-BF4B-00C04F79EFBC}") = "Knv.Instr.SCOPE.TDS1002", "Knv.Instr.SCOPE.TDS1002\Knv.Instr.SCOPE.TDS1002.csproj", "{49779888-EA91-429D-94F5-7ED856307F09}"
EndProject
Project("{FAE04EC0-301F-11D3-BF4B-00C04F79EFBC}") = "Knv.Instr.LOAD.RMX4005", "Knv.Instr.LOAD.RMX4005\Knv.Instr.LOAD.RMX4005.csproj", "{8201C1CD-17D3-49D3-BF26-E0A50DD00BCD}"
EndProject
Project("{FAE04EC0-301F-11D3-BF4B-00C04F79EFBC}") = "Knv.Instr.SMU.PXI4139", "Knv.Instr.SMU.PXI4139\Knv.Instr.SMU.PXI4139.csproj", "{E0387AF1-5EB6-484F-852D-DFEC70CD503B}"
	ProjectSection(ProjectDependencies) = postProject
		{DBA5FA64-F769-4CBE-B77E-C3A7E5AD8FCB} = {DBA5FA64-F769-4CBE-B77E-C3A7E5AD8FCB}
	EndProjectSection
EndProject
Project("{FAE04EC0-301F-11D3-BF4B-00C04F79EFBC}") = "Knv.Instr.GEN.PXI5413", "Knv.Instr.GEN.PXI5413\Knv.Instr.GEN.PXI5413.csproj", "{FA5790EA-5FDB-4BB9-865B-1FBD3B5178C2}"
EndProject
Project("{FAE04EC0-301F-11D3-BF4B-00C04F79EFBC}") = "Knv.Instr.DAC.M9185A", "Knv.Instr.DAC.M9185A\Knv.Instr.DAC.M9185A.csproj", "{C213E99A-1AFA-4590-8A25-B8CC78E39F3A}"
EndProject
Project("{FAE04EC0-301F-11D3-BF4B-00C04F79EFBC}") = "Knv.Instr.DAC.M9185A.Demo", "Knv.Instr.DAC.M9185A.Demo\Knv.Instr.DAC.M9185A.Demo.csproj", "{2FE3A899-87B3-4442-A6F7-948EB55E14A6}"
EndProject
Global
	GlobalSection(SolutionConfigurationPlatforms) = preSolution
		Debug|Any CPU = Debug|Any CPU
		Debug|x86 = Debug|x86
		Release|Any CPU = Release|Any CPU
		Release|x86 = Release|x86
	EndGlobalSection
	GlobalSection(ProjectConfigurationPlatforms) = postSolution
		{DBA5FA64-F769-4CBE-B77E-C3A7E5AD8FCB}.Debug|Any CPU.ActiveCfg = Debug|Any CPU
		{DBA5FA64-F769-4CBE-B77E-C3A7E5AD8FCB}.Debug|Any CPU.Build.0 = Debug|Any CPU
		{DBA5FA64-F769-4CBE-B77E-C3A7E5AD8FCB}.Debug|x86.ActiveCfg = Debug|Any CPU
		{DBA5FA64-F769-4CBE-B77E-C3A7E5AD8FCB}.Debug|x86.Build.0 = Debug|Any CPU
		{DBA5FA64-F769-4CBE-B77E-C3A7E5AD8FCB}.Release|Any CPU.ActiveCfg = Release|Any CPU
		{DBA5FA64-F769-4CBE-B77E-C3A7E5AD8FCB}.Release|Any CPU.Build.0 = Release|Any CPU
		{DBA5FA64-F769-4CBE-B77E-C3A7E5AD8FCB}.Release|x86.ActiveCfg = Release|Any CPU
		{DBA5FA64-F769-4CBE-B77E-C3A7E5AD8FCB}.Release|x86.Build.0 = Release|Any CPU
		{4BADC809-BFD0-41E8-8EC5-21BCD08890CF}.Debug|Any CPU.ActiveCfg = Debug|Any CPU
		{4BADC809-BFD0-41E8-8EC5-21BCD08890CF}.Debug|Any CPU.Build.0 = Debug|Any CPU
		{4BADC809-BFD0-41E8-8EC5-21BCD08890CF}.Debug|x86.ActiveCfg = Debug|Any CPU
		{4BADC809-BFD0-41E8-8EC5-21BCD08890CF}.Release|Any CPU.ActiveCfg = Release|Any CPU
		{4BADC809-BFD0-41E8-8EC5-21BCD08890CF}.Release|Any CPU.Build.0 = Release|Any CPU
		{4BADC809-BFD0-41E8-8EC5-21BCD08890CF}.Release|x86.ActiveCfg = Release|Any CPU
		{C79CD010-E263-4AC6-ADF8-A60BBA92DDE2}.Debug|Any CPU.ActiveCfg = Debug|Any CPU
		{C79CD010-E263-4AC6-ADF8-A60BBA92DDE2}.Debug|Any CPU.Build.0 = Debug|Any CPU
		{C79CD010-E263-4AC6-ADF8-A60BBA92DDE2}.Debug|x86.ActiveCfg = Debug|Any CPU
		{C79CD010-E263-4AC6-ADF8-A60BBA92DDE2}.Debug|x86.Build.0 = Debug|Any CPU
		{C79CD010-E263-4AC6-ADF8-A60BBA92DDE2}.Release|Any CPU.ActiveCfg = Release|Any CPU
		{C79CD010-E263-4AC6-ADF8-A60BBA92DDE2}.Release|Any CPU.Build.0 = Release|Any CPU
		{C79CD010-E263-4AC6-ADF8-A60BBA92DDE2}.Release|x86.ActiveCfg = Release|Any CPU
		{C79CD010-E263-4AC6-ADF8-A60BBA92DDE2}.Release|x86.Build.0 = Release|Any CPU
		{501F658A-BAF9-4849-8787-A638D8AFC335}.Debug|Any CPU.ActiveCfg = Debug|Any CPU
		{501F658A-BAF9-4849-8787-A638D8AFC335}.Debug|Any CPU.Build.0 = Debug|Any CPU
		{501F658A-BAF9-4849-8787-A638D8AFC335}.Debug|x86.ActiveCfg = Debug|Any CPU
		{501F658A-BAF9-4849-8787-A638D8AFC335}.Debug|x86.Build.0 = Debug|Any CPU
		{501F658A-BAF9-4849-8787-A638D8AFC335}.Release|Any CPU.ActiveCfg = Release|Any CPU
		{501F658A-BAF9-4849-8787-A638D8AFC335}.Release|Any CPU.Build.0 = Release|Any CPU
		{501F658A-BAF9-4849-8787-A638D8AFC335}.Release|x86.ActiveCfg = Release|Any CPU
		{501F658A-BAF9-4849-8787-A638D8AFC335}.Release|x86.Build.0 = Release|Any CPU
		{56CDC6FC-E4C4-4E0F-BEFC-8893F4E623A0}.Debug|Any CPU.ActiveCfg = Debug|Any CPU
		{56CDC6FC-E4C4-4E0F-BEFC-8893F4E623A0}.Debug|Any CPU.Build.0 = Debug|Any CPU
		{56CDC6FC-E4C4-4E0F-BEFC-8893F4E623A0}.Debug|x86.ActiveCfg = Debug|Any CPU
		{56CDC6FC-E4C4-4E0F-BEFC-8893F4E623A0}.Debug|x86.Build.0 = Debug|Any CPU
		{56CDC6FC-E4C4-4E0F-BEFC-8893F4E623A0}.Release|Any CPU.ActiveCfg = Release|Any CPU
		{56CDC6FC-E4C4-4E0F-BEFC-8893F4E623A0}.Release|Any CPU.Build.0 = Release|Any CPU
		{56CDC6FC-E4C4-4E0F-BEFC-8893F4E623A0}.Release|x86.ActiveCfg = Release|Any CPU
		{56CDC6FC-E4C4-4E0F-BEFC-8893F4E623A0}.Release|x86.Build.0 = Release|Any CPU
		{385D9FDF-4112-4568-9ED3-2E898EB1257F}.Debug|Any CPU.ActiveCfg = Debug|Any CPU
		{385D9FDF-4112-4568-9ED3-2E898EB1257F}.Debug|Any CPU.Build.0 = Debug|Any CPU
		{385D9FDF-4112-4568-9ED3-2E898EB1257F}.Debug|x86.ActiveCfg = Debug|Any CPU
		{385D9FDF-4112-4568-9ED3-2E898EB1257F}.Debug|x86.Build.0 = Debug|Any CPU
		{385D9FDF-4112-4568-9ED3-2E898EB1257F}.Release|Any CPU.ActiveCfg = Release|Any CPU
		{385D9FDF-4112-4568-9ED3-2E898EB1257F}.Release|Any CPU.Build.0 = Release|Any CPU
		{385D9FDF-4112-4568-9ED3-2E898EB1257F}.Release|x86.ActiveCfg = Release|Any CPU
		{385D9FDF-4112-4568-9ED3-2E898EB1257F}.Release|x86.Build.0 = Release|Any CPU
		{3324050A-EA3B-49C3-B028-CBDCE2FE6AC0}.Debug|Any CPU.ActiveCfg = Debug|Any CPU
		{3324050A-EA3B-49C3-B028-CBDCE2FE6AC0}.Debug|Any CPU.Build.0 = Debug|Any CPU
		{3324050A-EA3B-49C3-B028-CBDCE2FE6AC0}.Debug|x86.ActiveCfg = Debug|Any CPU
		{3324050A-EA3B-49C3-B028-CBDCE2FE6AC0}.Debug|x86.Build.0 = Debug|Any CPU
		{3324050A-EA3B-49C3-B028-CBDCE2FE6AC0}.Release|Any CPU.ActiveCfg = Release|Any CPU
		{3324050A-EA3B-49C3-B028-CBDCE2FE6AC0}.Release|Any CPU.Build.0 = Release|Any CPU
		{3324050A-EA3B-49C3-B028-CBDCE2FE6AC0}.Release|x86.ActiveCfg = Release|Any CPU
		{3324050A-EA3B-49C3-B028-CBDCE2FE6AC0}.Release|x86.Build.0 = Release|Any CPU
		{49779888-EA91-429D-94F5-7ED856307F09}.Debug|Any CPU.ActiveCfg = Debug|Any CPU
		{49779888-EA91-429D-94F5-7ED856307F09}.Debug|Any CPU.Build.0 = Debug|Any CPU
		{49779888-EA91-429D-94F5-7ED856307F09}.Debug|x86.ActiveCfg = Debug|Any CPU
		{49779888-EA91-429D-94F5-7ED856307F09}.Debug|x86.Build.0 = Debug|Any CPU
		{49779888-EA91-429D-94F5-7ED856307F09}.Release|Any CPU.ActiveCfg = Release|Any CPU
		{49779888-EA91-429D-94F5-7ED856307F09}.Release|Any CPU.Build.0 = Release|Any CPU
		{49779888-EA91-429D-94F5-7ED856307F09}.Release|x86.ActiveCfg = Release|Any CPU
		{49779888-EA91-429D-94F5-7ED856307F09}.Release|x86.Build.0 = Release|Any CPU
		{8201C1CD-17D3-49D3-BF26-E0A50DD00BCD}.Debug|Any CPU.ActiveCfg = Debug|Any CPU
		{8201C1CD-17D3-49D3-BF26-E0A50DD00BCD}.Debug|Any CPU.Build.0 = Debug|Any CPU
		{8201C1CD-17D3-49D3-BF26-E0A50DD00BCD}.Debug|x86.ActiveCfg = Debug|Any CPU
		{8201C1CD-17D3-49D3-BF26-E0A50DD00BCD}.Debug|x86.Build.0 = Debug|Any CPU
		{8201C1CD-17D3-49D3-BF26-E0A50DD00BCD}.Release|Any CPU.ActiveCfg = Release|Any CPU
		{8201C1CD-17D3-49D3-BF26-E0A50DD00BCD}.Release|Any CPU.Build.0 = Release|Any CPU
		{8201C1CD-17D3-49D3-BF26-E0A50DD00BCD}.Release|x86.ActiveCfg = Release|Any CPU
		{8201C1CD-17D3-49D3-BF26-E0A50DD00BCD}.Release|x86.Build.0 = Release|Any CPU
		{E0387AF1-5EB6-484F-852D-DFEC70CD503B}.Debug|Any CPU.ActiveCfg = Debug|Any CPU
		{E0387AF1-5EB6-484F-852D-DFEC70CD503B}.Debug|Any CPU.Build.0 = Debug|Any CPU
		{E0387AF1-5EB6-484F-852D-DFEC70CD503B}.Debug|x86.ActiveCfg = Debug|Any CPU
		{E0387AF1-5EB6-484F-852D-DFEC70CD503B}.Debug|x86.Build.0 = Debug|Any CPU
		{E0387AF1-5EB6-484F-852D-DFEC70CD503B}.Release|Any CPU.ActiveCfg = Release|Any CPU
		{E0387AF1-5EB6-484F-852D-DFEC70CD503B}.Release|Any CPU.Build.0 = Release|Any CPU
		{E0387AF1-5EB6-484F-852D-DFEC70CD503B}.Release|x86.ActiveCfg = Release|Any CPU
		{E0387AF1-5EB6-484F-852D-DFEC70CD503B}.Release|x86.Build.0 = Release|Any CPU
		{FA5790EA-5FDB-4BB9-865B-1FBD3B5178C2}.Debug|Any CPU.ActiveCfg = Debug|Any CPU
		{FA5790EA-5FDB-4BB9-865B-1FBD3B5178C2}.Debug|Any CPU.Build.0 = Debug|Any CPU
		{FA5790EA-5FDB-4BB9-865B-1FBD3B5178C2}.Debug|x86.ActiveCfg = Debug|Any CPU
		{FA5790EA-5FDB-4BB9-865B-1FBD3B5178C2}.Debug|x86.Build.0 = Debug|Any CPU
		{FA5790EA-5FDB-4BB9-865B-1FBD3B5178C2}.Release|Any CPU.ActiveCfg = Release|Any CPU
		{FA5790EA-5FDB-4BB9-865B-1FBD3B5178C2}.Release|Any CPU.Build.0 = Release|Any CPU
		{FA5790EA-5FDB-4BB9-865B-1FBD3B5178C2}.Release|x86.ActiveCfg = Release|Any CPU
		{FA5790EA-5FDB-4BB9-865B-1FBD3B5178C2}.Release|x86.Build.0 = Release|Any CPU
		{C213E99A-1AFA-4590-8A25-B8CC78E39F3A}.Debug|Any CPU.ActiveCfg = Debug|Any CPU
		{C213E99A-1AFA-4590-8A25-B8CC78E39F3A}.Debug|Any CPU.Build.0 = Debug|Any CPU
		{C213E99A-1AFA-4590-8A25-B8CC78E39F3A}.Debug|x86.ActiveCfg = Debug|Any CPU
		{C213E99A-1AFA-4590-8A25-B8CC78E39F3A}.Debug|x86.Build.0 = Debug|Any CPU
		{C213E99A-1AFA-4590-8A25-B8CC78E39F3A}.Release|Any CPU.ActiveCfg = Release|Any CPU
		{C213E99A-1AFA-4590-8A25-B8CC78E39F3A}.Release|Any CPU.Build.0 = Release|Any CPU
		{C213E99A-1AFA-4590-8A25-B8CC78E39F3A}.Release|x86.ActiveCfg = Release|Any CPU
		{C213E99A-1AFA-4590-8A25-B8CC78E39F3A}.Release|x86.Build.0 = Release|Any CPU
		{2FE3A899-87B3-4442-A6F7-948EB55E14A6}.Debug|Any CPU.ActiveCfg = Debug|Any CPU
		{2FE3A899-87B3-4442-A6F7-948EB55E14A6}.Debug|Any CPU.Build.0 = Debug|Any CPU
		{2FE3A899-87B3-4442-A6F7-948EB55E14A6}.Debug|x86.ActiveCfg = Debug|Any CPU
		{2FE3A899-87B3-4442-A6F7-948EB55E14A6}.Debug|x86.Build.0 = Debug|Any CPU
		{2FE3A899-87B3-4442-A6F7-948EB55E14A6}.Release|Any CPU.ActiveCfg = Release|Any CPU
		{2FE3A899-87B3-4442-A6F7-948EB55E14A6}.Release|Any CPU.Build.0 = Release|Any CPU
		{2FE3A899-87B3-4442-A6F7-948EB55E14A6}.Release|x86.ActiveCfg = Release|Any CPU
		{2FE3A899-87B3-4442-A6F7-948EB55E14A6}.Release|x86.Build.0 = Release|Any CPU
	EndGlobalSection
	GlobalSection(SolutionProperties) = preSolution
		HideSolutionNode = FALSE
	EndGlobalSection
	GlobalSection(ExtensibilityGlobals) = postSolution
		SolutionGuid = {B7AA1623-311C-4A50-B206-C4F65BEBE9A2}
	EndGlobalSection
EndGlobal
