
Microsoft Visual Studio Solution File, Format Version 12.00
# Visual Studio Version 17
VisualStudioVersion = 17.5.33502.453
MinimumVisualStudioVersion = 10.0.40219.1
Project("{FAE04EC0-301F-11D3-BF4B-00C04F79EFBC}") = "Knv.Instr", "Knv.Instr\Knv.Instr.csproj", "{DBA5FA64-F769-4CBE-B77E-C3A7E5AD8FCB}"
EndProject
Project("{FAE04EC0-301F-11D3-BF4B-00C04F79EFBC}") = "Knv.Instr.Visa", "Knv.Instr.Visa\Knv.Instr.Visa.csproj", "{16B4C996-F1BD-41B6-A8B4-50C27A0F747E}"
EndProject
Project("{FAE04EC0-301F-11D3-BF4B-00C04F79EFBC}") = "Knv.Instr.DAQ.PCI6353", "Knv.Instr.DAQ.PCI6353\Knv.Instr.DAQ.PCI6353.csproj", "{4BADC809-BFD0-41E8-8EC5-21BCD08890CF}"
EndProject
Project("{FAE04EC0-301F-11D3-BF4B-00C04F79EFBC}") = "Knv.Instr.PSU.HP6634", "Knv.Instr.PSU.HP6634\Knv.Instr.PSU.HP6634.csproj", "{C79CD010-E263-4AC6-ADF8-A60BBA92DDE2}"
EndProject
Project("{FAE04EC0-301F-11D3-BF4B-00C04F79EFBC}") = "Knv.Instr.PSU.RMX4104", "Knv.Instr.PSU.RMX4104\Knv.Instr.PSU.RMX4104.csproj", "{501F658A-BAF9-4849-8787-A638D8AFC335}"
EndProject
Project("{FAE04EC0-301F-11D3-BF4B-00C04F79EFBC}") = "Knv.Instr.Tool", "Knv.Instr.Tool\Knv.Instr.Tool.csproj", "{8D63D1E5-D0E4-4080-8299-FC3FAF5F404B}"
EndProject
Project("{FAE04EC0-301F-11D3-BF4B-00C04F79EFBC}") = "Knv.Instr.DMM.KEI2100", "Knv.Instr.DMM.KEI2100\Knv.Instr.DMM.KEI2100.csproj", "{56CDC6FC-E4C4-4E0F-BEFC-8893F4E623A0}"
EndProject
Project("{FAE04EC0-301F-11D3-BF4B-00C04F79EFBC}") = "Knv.Instr.DMM.PXI4082", "Knv.Instr.DMM.PXI4082\Knv.Instr.DMM.PXI4082.csproj", "{385D9FDF-4112-4568-9ED3-2E898EB1257F}"
EndProject
Project("{FAE04EC0-301F-11D3-BF4B-00C04F79EFBC}") = "Knv.Instr.DMM.KEI6500", "Knv.Instr.DMM.KEI6500\Knv.Instr.DMM.KEI6500.csproj", "{3324050A-EA3B-49C3-B028-CBDCE2FE6AC0}"
EndProject
Project("{FAE04EC0-301F-11D3-BF4B-00C04F79EFBC}") = "Knv.Instr.SCOPE.TDS1002", "Knv.Instr.SCOPE.TDS1002\Knv.Instr.SCOPE.TDS1002.csproj", "{49779888-EA91-429D-94F5-7ED856307F09}"
EndProject
Global
	GlobalSection(SolutionConfigurationPlatforms) = preSolution
		Debug|Any CPU = Debug|Any CPU
		Debug|x86 = Debug|x86
		Release|Any CPU = Release|Any CPU
		Release|x86 = Release|x86
	EndGlobalSection
	GlobalSection(ProjectConfigurationPlatforms) = postSolution
		{DBA5FA64-F769-4CBE-B77E-C3A7E5AD8FCB}.Debug|Any CPU.ActiveCfg = Debug|Any CPU
		{DBA5FA64-F769-4CBE-B77E-C3A7E5AD8FCB}.Debug|Any CPU.Build.0 = Debug|Any CPU
		{DBA5FA64-F769-4CBE-B77E-C3A7E5AD8FCB}.Debug|x86.ActiveCfg = Debug|Any CPU
		{DBA5FA64-F769-4CBE-B77E-C3A7E5AD8FCB}.Debug|x86.Build.0 = Debug|Any CPU
		{DBA5FA64-F769-4CBE-B77E-C3A7E5AD8FCB}.Release|Any CPU.ActiveCfg = Release|Any CPU
		{DBA5FA64-F769-4CBE-B77E-C3A7E5AD8FCB}.Release|Any CPU.Build.0 = Release|Any CPU
		{DBA5FA64-F769-4CBE-B77E-C3A7E5AD8FCB}.Release|x86.ActiveCfg = Release|Any CPU
		{DBA5FA64-F769-4CBE-B77E-C3A7E5AD8FCB}.Release|x86.Build.0 = Release|Any CPU
		{16B4C996-F1BD-41B6-A8B4-50C27A0F747E}.Debug|Any CPU.ActiveCfg = Debug|Any CPU
		{16B4C996-F1BD-41B6-A8B4-50C27A0F747E}.Debug|Any CPU.Build.0 = Debug|Any CPU
		{16B4C996-F1BD-41B6-A8B4-50C27A0F747E}.Debug|x86.ActiveCfg = Debug|Any CPU
		{16B4C996-F1BD-41B6-A8B4-50C27A0F747E}.Debug|x86.Build.0 = Debug|Any CPU
		{16B4C996-F1BD-41B6-A8B4-50C27A0F747E}.Release|Any CPU.ActiveCfg = Release|Any CPU
		{16B4C996-F1BD-41B6-A8B4-50C27A0F747E}.Release|Any CPU.Build.0 = Release|Any CPU
		{16B4C996-F1BD-41B6-A8B4-50C27A0F747E}.Release|x86.ActiveCfg = Release|Any CPU
		{16B4C996-F1BD-41B6-A8B4-50C27A0F747E}.Release|x86.Build.0 = Release|Any CPU
		{4BADC809-BFD0-41E8-8EC5-21BCD08890CF}.Debug|Any CPU.ActiveCfg = Debug|Any CPU
		{4BADC809-BFD0-41E8-8EC5-21BCD08890CF}.Debug|Any CPU.Build.0 = Debug|Any CPU
		{4BADC809-BFD0-41E8-8EC5-21BCD08890CF}.Debug|x86.ActiveCfg = Debug|Any CPU
		{4BADC809-BFD0-41E8-8EC5-21BCD08890CF}.Release|Any CPU.ActiveCfg = Release|Any CPU
		{4BADC809-BFD0-41E8-8EC5-21BCD08890CF}.Release|Any CPU.Build.0 = Release|Any CPU
		{4BADC809-BFD0-41E8-8EC5-21BCD08890CF}.Release|x86.ActiveCfg = Release|Any CPU
		{C79CD010-E263-4AC6-ADF8-A60BBA92DDE2}.Debug|Any CPU.ActiveCfg = Debug|Any CPU
		{C79CD010-E263-4AC6-ADF8-A60BBA92DDE2}.Debug|Any CPU.Build.0 = Debug|Any CPU
		{C79CD010-E263-4AC6-ADF8-A60BBA92DDE2}.Debug|x86.ActiveCfg = Debug|Any CPU
		{C79CD010-E263-4AC6-ADF8-A60BBA92DDE2}.Debug|x86.Build.0 = Debug|Any CPU
		{C79CD010-E263-4AC6-ADF8-A60BBA92DDE2}.Release|Any CPU.ActiveCfg = Release|Any CPU
		{C79CD010-E263-4AC6-ADF8-A60BBA92DDE2}.Release|Any CPU.Build.0 = Release|Any CPU
		{C79CD010-E263-4AC6-ADF8-A60BBA92DDE2}.Release|x86.ActiveCfg = Release|Any CPU
		{C79CD010-E263-4AC6-ADF8-A60BBA92DDE2}.Release|x86.Build.0 = Release|Any CPU
		{501F658A-BAF9-4849-8787-A638D8AFC335}.Debug|Any CPU.ActiveCfg = Debug|Any CPU
		{501F658A-BAF9-4849-8787-A638D8AFC335}.Debug|Any CPU.Build.0 = Debug|Any CPU
		{501F658A-BAF9-4849-8787-A638D8AFC335}.Debug|x86.ActiveCfg = Debug|Any CPU
		{501F658A-BAF9-4849-8787-A638D8AFC335}.Debug|x86.Build.0 = Debug|Any CPU
		{501F658A-BAF9-4849-8787-A638D8AFC335}.Release|Any CPU.ActiveCfg = Release|Any CPU
		{501F658A-BAF9-4849-8787-A638D8AFC335}.Release|Any CPU.Build.0 = Release|Any CPU
		{501F658A-BAF9-4849-8787-A638D8AFC335}.Release|x86.ActiveCfg = Release|Any CPU
		{501F658A-BAF9-4849-8787-A638D8AFC335}.Release|x86.Build.0 = Release|Any CPU
		{8D63D1E5-D0E4-4080-8299-FC3FAF5F404B}.Debug|Any CPU.ActiveCfg = Debug|Any CPU
		{8D63D1E5-D0E4-4080-8299-FC3FAF5F404B}.Debug|Any CPU.Build.0 = Debug|Any CPU
		{8D63D1E5-D0E4-4080-8299-FC3FAF5F404B}.Debug|x86.ActiveCfg = Debug|Any CPU
		{8D63D1E5-D0E4-4080-8299-FC3FAF5F404B}.Debug|x86.Build.0 = Debug|Any CPU
		{8D63D1E5-D0E4-4080-8299-FC3FAF5F404B}.Release|Any CPU.ActiveCfg = Release|Any CPU
		{8D63D1E5-D0E4-4080-8299-FC3FAF5F404B}.Release|Any CPU.Build.0 = Release|Any CPU
		{8D63D1E5-D0E4-4080-8299-FC3FAF5F404B}.Release|x86.ActiveCfg = Release|Any CPU
		{8D63D1E5-D0E4-4080-8299-FC3FAF5F404B}.Release|x86.Build.0 = Release|Any CPU
		{56CDC6FC-E4C4-4E0F-BEFC-8893F4E623A0}.Debug|Any CPU.ActiveCfg = Debug|Any CPU
		{56CDC6FC-E4C4-4E0F-BEFC-8893F4E623A0}.Debug|Any CPU.Build.0 = Debug|Any CPU
		{56CDC6FC-E4C4-4E0F-BEFC-8893F4E623A0}.Debug|x86.ActiveCfg = Debug|Any CPU
		{56CDC6FC-E4C4-4E0F-BEFC-8893F4E623A0}.Debug|x86.Build.0 = Debug|Any CPU
		{56CDC6FC-E4C4-4E0F-BEFC-8893F4E623A0}.Release|Any CPU.ActiveCfg = Release|Any CPU
		{56CDC6FC-E4C4-4E0F-BEFC-8893F4E623A0}.Release|Any CPU.Build.0 = Release|Any CPU
		{56CDC6FC-E4C4-4E0F-BEFC-8893F4E623A0}.Release|x86.ActiveCfg = Release|Any CPU
		{56CDC6FC-E4C4-4E0F-BEFC-8893F4E623A0}.Release|x86.Build.0 = Release|Any CPU
		{385D9FDF-4112-4568-9ED3-2E898EB1257F}.Debug|Any CPU.ActiveCfg = Debug|Any CPU
		{385D9FDF-4112-4568-9ED3-2E898EB1257F}.Debug|Any CPU.Build.0 = Debug|Any CPU
		{385D9FDF-4112-4568-9ED3-2E898EB1257F}.Debug|x86.ActiveCfg = Debug|Any CPU
		{385D9FDF-4112-4568-9ED3-2E898EB1257F}.Debug|x86.Build.0 = Debug|Any CPU
		{385D9FDF-4112-4568-9ED3-2E898EB1257F}.Release|Any CPU.ActiveCfg = Release|Any CPU
		{385D9FDF-4112-4568-9ED3-2E898EB1257F}.Release|Any CPU.Build.0 = Release|Any CPU
		{385D9FDF-4112-4568-9ED3-2E898EB1257F}.Release|x86.ActiveCfg = Release|Any CPU
		{385D9FDF-4112-4568-9ED3-2E898EB1257F}.Release|x86.Build.0 = Release|Any CPU
		{3324050A-EA3B-49C3-B028-CBDCE2FE6AC0}.Debug|Any CPU.ActiveCfg = Debug|Any CPU
		{3324050A-EA3B-49C3-B028-CBDCE2FE6AC0}.Debug|Any CPU.Build.0 = Debug|Any CPU
		{3324050A-EA3B-49C3-B028-CBDCE2FE6AC0}.Debug|x86.ActiveCfg = Debug|Any CPU
		{3324050A-EA3B-49C3-B028-CBDCE2FE6AC0}.Debug|x86.Build.0 = Debug|Any CPU
		{3324050A-EA3B-49C3-B028-CBDCE2FE6AC0}.Release|Any CPU.ActiveCfg = Release|Any CPU
		{3324050A-EA3B-49C3-B028-CBDCE2FE6AC0}.Release|Any CPU.Build.0 = Release|Any CPU
		{3324050A-EA3B-49C3-B028-CBDCE2FE6AC0}.Release|x86.ActiveCfg = Release|Any CPU
		{3324050A-EA3B-49C3-B028-CBDCE2FE6AC0}.Release|x86.Build.0 = Release|Any CPU
		{49779888-EA91-429D-94F5-7ED856307F09}.Debug|Any CPU.ActiveCfg = Debug|Any CPU
		{49779888-EA91-429D-94F5-7ED856307F09}.Debug|Any CPU.Build.0 = Debug|Any CPU
		{49779888-EA91-429D-94F5-7ED856307F09}.Debug|x86.ActiveCfg = Debug|Any CPU
		{49779888-EA91-429D-94F5-7ED856307F09}.Debug|x86.Build.0 = Debug|Any CPU
		{49779888-EA91-429D-94F5-7ED856307F09}.Release|Any CPU.ActiveCfg = Release|Any CPU
		{49779888-EA91-429D-94F5-7ED856307F09}.Release|Any CPU.Build.0 = Release|Any CPU
		{49779888-EA91-429D-94F5-7ED856307F09}.Release|x86.ActiveCfg = Release|Any CPU
		{49779888-EA91-429D-94F5-7ED856307F09}.Release|x86.Build.0 = Release|Any CPU
	EndGlobalSection
	GlobalSection(SolutionProperties) = preSolution
		HideSolutionNode = FALSE
	EndGlobalSection
	GlobalSection(ExtensibilityGlobals) = postSolution
		SolutionGuid = {B7AA1623-311C-4A50-B206-C4F65BEBE9A2}
	EndGlobalSection
EndGlobal
