
Microsoft Visual Studio Solution File, Format Version 12.00
# Visual Studio Version 17
VisualStudioVersion = 17.5.33502.453
MinimumVisualStudioVersion = 10.0.40219.1
Project("{FAE04EC0-301F-11D3-BF4B-00C04F79EFBC}") = "Knv.Instruments.GenericLan", "Knv.GenericLan\Knv.Instruments.GenericLan.csproj", "{BDC6C8DD-C00C-4C31-87FF-65DC12814BAE}"
EndProject
Project("{FAE04EC0-301F-11D3-BF4B-00C04F79EFBC}") = "Knv.Instruments.GenericNiVisa", "Knv.GenericNiVisa\Knv.Instruments.GenericNiVisa.csproj", "{16B4C996-F1BD-41B6-A8B4-50C27A0F747E}"
EndProject
Project("{FAE04EC0-301F-11D3-BF4B-00C04F79EFBC}") = "Knv.Instruments.GenericSerial", "Knv.GenericSerial\Knv.Instruments.GenericSerial.csproj", "{55284FFA-5ACE-422B-B36C-B8FFA8A12E4B}"
EndProject
Global
	GlobalSection(SolutionConfigurationPlatforms) = preSolution
		Debug|Any CPU = Debug|Any CPU
		Release|Any CPU = Release|Any CPU
	EndGlobalSection
	GlobalSection(ProjectConfigurationPlatforms) = postSolution
		{BDC6C8DD-C00C-4C31-87FF-65DC12814BAE}.Debug|Any CPU.ActiveCfg = Debug|Any CPU
		{BDC6C8DD-C00C-4C31-87FF-65DC12814BAE}.Debug|Any CPU.Build.0 = Debug|Any CPU
		{BDC6C8DD-C00C-4C31-87FF-65DC12814BAE}.Release|Any CPU.ActiveCfg = Release|Any CPU
		{BDC6C8DD-C00C-4C31-87FF-65DC12814BAE}.Release|Any CPU.Build.0 = Release|Any CPU
		{16B4C996-F1BD-41B6-A8B4-50C27A0F747E}.Debug|Any CPU.ActiveCfg = Debug|Any CPU
		{16B4C996-F1BD-41B6-A8B4-50C27A0F747E}.Debug|Any CPU.Build.0 = Debug|Any CPU
		{16B4C996-F1BD-41B6-A8B4-50C27A0F747E}.Release|Any CPU.ActiveCfg = Release|Any CPU
		{16B4C996-F1BD-41B6-A8B4-50C27A0F747E}.Release|Any CPU.Build.0 = Release|Any CPU
		{55284FFA-5ACE-422B-B36C-B8FFA8A12E4B}.Debug|Any CPU.ActiveCfg = Debug|Any CPU
		{55284FFA-5ACE-422B-B36C-B8FFA8A12E4B}.Debug|Any CPU.Build.0 = Debug|Any CPU
		{55284FFA-5ACE-422B-B36C-B8FFA8A12E4B}.Release|Any CPU.ActiveCfg = Release|Any CPU
		{55284FFA-5ACE-422B-B36C-B8FFA8A12E4B}.Release|Any CPU.Build.0 = Release|Any CPU
	EndGlobalSection
	GlobalSection(SolutionProperties) = preSolution
		HideSolutionNode = FALSE
	EndGlobalSection
	GlobalSection(ExtensibilityGlobals) = postSolution
		SolutionGuid = {B7AA1623-311C-4A50-B206-C4F65BEBE9A2}
	EndGlobalSection
EndGlobal
