
Microsoft Visual Studio Solution File, Format Version 12.00
# Visual Studio Version 17
VisualStudioVersion = 17.5.33502.453
MinimumVisualStudioVersion = 10.0.40219.1
Project("{FAE04EC0-301F-11D3-BF4B-00C04F79EFBC}") = "Knv.Instr", "Knv.Instr\Knv.Instr.csproj", "{DBA5FA64-F769-4CBE-B77E-C3A7E5AD8FCB}"
EndProject
Project("{FAE04EC0-301F-11D3-BF4B-00C04F79EFBC}") = "Knv.Instr.Eth", "Knv.Instr.Lan\Knv.Instr.Eth.csproj", "{BDC6C8DD-C00C-4C31-87FF-65DC12814BAE}"
EndProject
Project("{FAE04EC0-301F-11D3-BF4B-00C04F79EFBC}") = "Knv.Instr.Serial", "Knv.Instr.Serial\Knv.Instr.Serial.csproj", "{55284FFA-5ACE-422B-B36C-B8FFA8A12E4B}"
EndProject
Project("{FAE04EC0-301F-11D3-BF4B-00C04F79EFBC}") = "Knv.Instr.Visa", "Knv.Instr.Visa\Knv.Instr.Visa.csproj", "{16B4C996-F1BD-41B6-A8B4-50C27A0F747E}"
EndProject
Project("{FAE04EC0-301F-11D3-BF4B-00C04F79EFBC}") = "Knv.Instr.GPIB", "Knv.Instr.GPIB\Knv.Instr.GPIB.csproj", "{381CD418-ECAF-4ADB-A2D7-B4729E1FD94B}"
EndProject
Project("{FAE04EC0-301F-11D3-BF4B-00C04F79EFBC}") = "Knv.Instr.DAQ.PCI6353", "Knv.Instr.DAQ\Knv.Instr.DAQ.PCI6353.csproj", "{4BADC809-BFD0-41E8-8EC5-21BCD08890CF}"
EndProject
Project("{FAE04EC0-301F-11D3-BF4B-00C04F79EFBC}") = "Knv.CAN", "..\Knv.CAN\Knv.CAN\Knv.CAN.csproj", "{019FAC57-CD86-4959-AD7B-E6A12208E5EB}"
EndProject
Project("{FAE04EC0-301F-11D3-BF4B-00C04F79EFBC}") = "Knv.Instr.PSU.HP6634", "Knv.Instr.PSU.HP6634\Knv.Instr.PSU.HP6634.csproj", "{C79CD010-E263-4AC6-ADF8-A60BBA92DDE2}"
EndProject
Project("{FAE04EC0-301F-11D3-BF4B-00C04F79EFBC}") = "Knv.Instr.PSU.RMX4104", "Knv.Instr.PSU.RMX4104\Knv.Instr.PSU.RMX4104.csproj", "{501F658A-BAF9-4849-8787-A638D8AFC335}"
EndProject
Project("{FAE04EC0-301F-11D3-BF4B-00C04F79EFBC}") = "Knv.Instr.Tool", "Knv.Instr.Tool\Knv.Instr.Tool.csproj", "{8D63D1E5-D0E4-4080-8299-FC3FAF5F404B}"
EndProject
Global
	GlobalSection(SolutionConfigurationPlatforms) = preSolution
		Debug|Any CPU = Debug|Any CPU
		Debug|x86 = Debug|x86
		Release|Any CPU = Release|Any CPU
		Release|x86 = Release|x86
	EndGlobalSection
	GlobalSection(ProjectConfigurationPlatforms) = postSolution
		{DBA5FA64-F769-4CBE-B77E-C3A7E5AD8FCB}.Debug|Any CPU.ActiveCfg = Debug|Any CPU
		{DBA5FA64-F769-4CBE-B77E-C3A7E5AD8FCB}.Debug|Any CPU.Build.0 = Debug|Any CPU
		{DBA5FA64-F769-4CBE-B77E-C3A7E5AD8FCB}.Debug|x86.ActiveCfg = Debug|Any CPU
		{DBA5FA64-F769-4CBE-B77E-C3A7E5AD8FCB}.Debug|x86.Build.0 = Debug|Any CPU
		{DBA5FA64-F769-4CBE-B77E-C3A7E5AD8FCB}.Release|Any CPU.ActiveCfg = Release|Any CPU
		{DBA5FA64-F769-4CBE-B77E-C3A7E5AD8FCB}.Release|Any CPU.Build.0 = Release|Any CPU
		{DBA5FA64-F769-4CBE-B77E-C3A7E5AD8FCB}.Release|x86.ActiveCfg = Release|Any CPU
		{DBA5FA64-F769-4CBE-B77E-C3A7E5AD8FCB}.Release|x86.Build.0 = Release|Any CPU
		{BDC6C8DD-C00C-4C31-87FF-65DC12814BAE}.Debug|Any CPU.ActiveCfg = Debug|Any CPU
		{BDC6C8DD-C00C-4C31-87FF-65DC12814BAE}.Debug|Any CPU.Build.0 = Debug|Any CPU
		{BDC6C8DD-C00C-4C31-87FF-65DC12814BAE}.Debug|x86.ActiveCfg = Debug|Any CPU
		{BDC6C8DD-C00C-4C31-87FF-65DC12814BAE}.Release|Any CPU.ActiveCfg = Release|Any CPU
		{BDC6C8DD-C00C-4C31-87FF-65DC12814BAE}.Release|Any CPU.Build.0 = Release|Any CPU
		{BDC6C8DD-C00C-4C31-87FF-65DC12814BAE}.Release|x86.ActiveCfg = Release|Any CPU
		{55284FFA-5ACE-422B-B36C-B8FFA8A12E4B}.Debug|Any CPU.ActiveCfg = Debug|Any CPU
		{55284FFA-5ACE-422B-B36C-B8FFA8A12E4B}.Debug|Any CPU.Build.0 = Debug|Any CPU
		{55284FFA-5ACE-422B-B36C-B8FFA8A12E4B}.Debug|x86.ActiveCfg = Debug|Any CPU
		{55284FFA-5ACE-422B-B36C-B8FFA8A12E4B}.Release|Any CPU.ActiveCfg = Release|Any CPU
		{55284FFA-5ACE-422B-B36C-B8FFA8A12E4B}.Release|Any CPU.Build.0 = Release|Any CPU
		{55284FFA-5ACE-422B-B36C-B8FFA8A12E4B}.Release|x86.ActiveCfg = Release|Any CPU
		{16B4C996-F1BD-41B6-A8B4-50C27A0F747E}.Debug|Any CPU.ActiveCfg = Debug|Any CPU
		{16B4C996-F1BD-41B6-A8B4-50C27A0F747E}.Debug|Any CPU.Build.0 = Debug|Any CPU
		{16B4C996-F1BD-41B6-A8B4-50C27A0F747E}.Debug|x86.ActiveCfg = Debug|Any CPU
		{16B4C996-F1BD-41B6-A8B4-50C27A0F747E}.Debug|x86.Build.0 = Debug|Any CPU
		{16B4C996-F1BD-41B6-A8B4-50C27A0F747E}.Release|Any CPU.ActiveCfg = Release|Any CPU
		{16B4C996-F1BD-41B6-A8B4-50C27A0F747E}.Release|Any CPU.Build.0 = Release|Any CPU
		{16B4C996-F1BD-41B6-A8B4-50C27A0F747E}.Release|x86.ActiveCfg = Release|Any CPU
		{16B4C996-F1BD-41B6-A8B4-50C27A0F747E}.Release|x86.Build.0 = Release|Any CPU
		{381CD418-ECAF-4ADB-A2D7-B4729E1FD94B}.Debug|Any CPU.ActiveCfg = Debug|Any CPU
		{381CD418-ECAF-4ADB-A2D7-B4729E1FD94B}.Debug|Any CPU.Build.0 = Debug|Any CPU
		{381CD418-ECAF-4ADB-A2D7-B4729E1FD94B}.Debug|x86.ActiveCfg = Debug|Any CPU
		{381CD418-ECAF-4ADB-A2D7-B4729E1FD94B}.Release|Any CPU.ActiveCfg = Release|Any CPU
		{381CD418-ECAF-4ADB-A2D7-B4729E1FD94B}.Release|Any CPU.Build.0 = Release|Any CPU
		{381CD418-ECAF-4ADB-A2D7-B4729E1FD94B}.Release|x86.ActiveCfg = Release|Any CPU
		{4BADC809-BFD0-41E8-8EC5-21BCD08890CF}.Debug|Any CPU.ActiveCfg = Debug|Any CPU
		{4BADC809-BFD0-41E8-8EC5-21BCD08890CF}.Debug|Any CPU.Build.0 = Debug|Any CPU
		{4BADC809-BFD0-41E8-8EC5-21BCD08890CF}.Debug|x86.ActiveCfg = Debug|Any CPU
		{4BADC809-BFD0-41E8-8EC5-21BCD08890CF}.Release|Any CPU.ActiveCfg = Release|Any CPU
		{4BADC809-BFD0-41E8-8EC5-21BCD08890CF}.Release|Any CPU.Build.0 = Release|Any CPU
		{4BADC809-BFD0-41E8-8EC5-21BCD08890CF}.Release|x86.ActiveCfg = Release|Any CPU
		{019FAC57-CD86-4959-AD7B-E6A12208E5EB}.Debug|Any CPU.ActiveCfg = Debug|Any CPU
		{019FAC57-CD86-4959-AD7B-E6A12208E5EB}.Debug|Any CPU.Build.0 = Debug|Any CPU
		{019FAC57-CD86-4959-AD7B-E6A12208E5EB}.Debug|x86.ActiveCfg = Debug|x86
		{019FAC57-CD86-4959-AD7B-E6A12208E5EB}.Debug|x86.Build.0 = Debug|x86
		{019FAC57-CD86-4959-AD7B-E6A12208E5EB}.Release|Any CPU.ActiveCfg = Release|Any CPU
		{019FAC57-CD86-4959-AD7B-E6A12208E5EB}.Release|Any CPU.Build.0 = Release|Any CPU
		{019FAC57-CD86-4959-AD7B-E6A12208E5EB}.Release|x86.ActiveCfg = Release|x86
		{019FAC57-CD86-4959-AD7B-E6A12208E5EB}.Release|x86.Build.0 = Release|x86
		{C79CD010-E263-4AC6-ADF8-A60BBA92DDE2}.Debug|Any CPU.ActiveCfg = Debug|Any CPU
		{C79CD010-E263-4AC6-ADF8-A60BBA92DDE2}.Debug|Any CPU.Build.0 = Debug|Any CPU
		{C79CD010-E263-4AC6-ADF8-A60BBA92DDE2}.Debug|x86.ActiveCfg = Debug|Any CPU
		{C79CD010-E263-4AC6-ADF8-A60BBA92DDE2}.Debug|x86.Build.0 = Debug|Any CPU
		{C79CD010-E263-4AC6-ADF8-A60BBA92DDE2}.Release|Any CPU.ActiveCfg = Release|Any CPU
		{C79CD010-E263-4AC6-ADF8-A60BBA92DDE2}.Release|Any CPU.Build.0 = Release|Any CPU
		{C79CD010-E263-4AC6-ADF8-A60BBA92DDE2}.Release|x86.ActiveCfg = Release|Any CPU
		{C79CD010-E263-4AC6-ADF8-A60BBA92DDE2}.Release|x86.Build.0 = Release|Any CPU
		{501F658A-BAF9-4849-8787-A638D8AFC335}.Debug|Any CPU.ActiveCfg = Debug|Any CPU
		{501F658A-BAF9-4849-8787-A638D8AFC335}.Debug|Any CPU.Build.0 = Debug|Any CPU
		{501F658A-BAF9-4849-8787-A638D8AFC335}.Debug|x86.ActiveCfg = Debug|Any CPU
		{501F658A-BAF9-4849-8787-A638D8AFC335}.Debug|x86.Build.0 = Debug|Any CPU
		{501F658A-BAF9-4849-8787-A638D8AFC335}.Release|Any CPU.ActiveCfg = Release|Any CPU
		{501F658A-BAF9-4849-8787-A638D8AFC335}.Release|Any CPU.Build.0 = Release|Any CPU
		{501F658A-BAF9-4849-8787-A638D8AFC335}.Release|x86.ActiveCfg = Release|Any CPU
		{501F658A-BAF9-4849-8787-A638D8AFC335}.Release|x86.Build.0 = Release|Any CPU
		{8D63D1E5-D0E4-4080-8299-FC3FAF5F404B}.Debug|Any CPU.ActiveCfg = Debug|Any CPU
		{8D63D1E5-D0E4-4080-8299-FC3FAF5F404B}.Debug|Any CPU.Build.0 = Debug|Any CPU
		{8D63D1E5-D0E4-4080-8299-FC3FAF5F404B}.Debug|x86.ActiveCfg = Debug|Any CPU
		{8D63D1E5-D0E4-4080-8299-FC3FAF5F404B}.Debug|x86.Build.0 = Debug|Any CPU
		{8D63D1E5-D0E4-4080-8299-FC3FAF5F404B}.Release|Any CPU.ActiveCfg = Release|Any CPU
		{8D63D1E5-D0E4-4080-8299-FC3FAF5F404B}.Release|Any CPU.Build.0 = Release|Any CPU
		{8D63D1E5-D0E4-4080-8299-FC3FAF5F404B}.Release|x86.ActiveCfg = Release|Any CPU
		{8D63D1E5-D0E4-4080-8299-FC3FAF5F404B}.Release|x86.Build.0 = Release|Any CPU
	EndGlobalSection
	GlobalSection(SolutionProperties) = preSolution
		HideSolutionNode = FALSE
	EndGlobalSection
	GlobalSection(ExtensibilityGlobals) = postSolution
		SolutionGuid = {B7AA1623-311C-4A50-B206-C4F65BEBE9A2}
	EndGlobalSection
EndGlobal
