
Microsoft Visual Studio Solution File, Format Version 12.00
# Visual Studio Version 17
VisualStudioVersion = 17.3.32819.101
MinimumVisualStudioVersion = 10.0.40219.1
Project("{FAE04EC0-301F-11D3-BF4B-00C04F79EFBC}") = "NG100Lib", "NG100\NG100Lib\NG100Lib.csproj", "{7D015CEF-BE2B-446B-A110-CC1D0BADB28F}"
EndProject
Project("{FAE04EC0-301F-11D3-BF4B-00C04F79EFBC}") = "NG100VCP", "NG100\NG100VCP\NG100VCP.csproj", "{55284FFA-5ACE-422B-B36C-B8FFA8A12E4B}"
EndProject
Project("{FAE04EC0-301F-11D3-BF4B-00C04F79EFBC}") = "TestStandOPI", "TestStandOPI\TestStandOPI.csproj", "{619CE7F5-476B-4D4E-9B9C-1BF5602655FC}"
EndProject
Global
	GlobalSection(SolutionConfigurationPlatforms) = preSolution
		Debug|Any CPU = Debug|Any CPU
		Release|Any CPU = Release|Any CPU
	EndGlobalSection
	GlobalSection(ProjectConfigurationPlatforms) = postSolution
		{7D015CEF-BE2B-446B-A110-CC1D0BADB28F}.Debug|Any CPU.ActiveCfg = Debug|Any CPU
		{7D015CEF-BE2B-446B-A110-CC1D0BADB28F}.Debug|Any CPU.Build.0 = Debug|Any CPU
		{7D015CEF-BE2B-446B-A110-CC1D0BADB28F}.Release|Any CPU.ActiveCfg = Release|Any CPU
		{7D015CEF-BE2B-446B-A110-CC1D0BADB28F}.Release|Any CPU.Build.0 = Release|Any CPU
		{55284FFA-5ACE-422B-B36C-B8FFA8A12E4B}.Debug|Any CPU.ActiveCfg = Debug|Any CPU
		{55284FFA-5ACE-422B-B36C-B8FFA8A12E4B}.Debug|Any CPU.Build.0 = Debug|Any CPU
		{55284FFA-5ACE-422B-B36C-B8FFA8A12E4B}.Release|Any CPU.ActiveCfg = Release|Any CPU
		{55284FFA-5ACE-422B-B36C-B8FFA8A12E4B}.Release|Any CPU.Build.0 = Release|Any CPU
		{619CE7F5-476B-4D4E-9B9C-1BF5602655FC}.Debug|Any CPU.ActiveCfg = Debug|Any CPU
		{619CE7F5-476B-4D4E-9B9C-1BF5602655FC}.Debug|Any CPU.Build.0 = Debug|Any CPU
		{619CE7F5-476B-4D4E-9B9C-1BF5602655FC}.Release|Any CPU.ActiveCfg = Release|Any CPU
		{619CE7F5-476B-4D4E-9B9C-1BF5602655FC}.Release|Any CPU.Build.0 = Release|Any CPU
	EndGlobalSection
	GlobalSection(SolutionProperties) = preSolution
		HideSolutionNode = FALSE
	EndGlobalSection
	GlobalSection(ExtensibilityGlobals) = postSolution
		SolutionGuid = {9ABA118F-34E7-47B7-9CCA-E0BE100FADF9}
	EndGlobalSection
EndGlobal
